
Microsoft Visual Studio Solution File, Format Version 12.00
# Visual Studio Version 17
VisualStudioVersion = 17.8.34330.188
MinimumVisualStudioVersion = 10.0.40219.1
Project("{FAE04EC0-301F-11D3-BF4B-00C04F79EFBC}") = "CrudEF", "CrudEF.csproj", "{456BC111-EA4C-4EAE-BC96-A74054FC3668}"
EndProject
Global
	GlobalSection(SolutionConfigurationPlatforms) = preSolution
		Debug|Any CPU = Debug|Any CPU
		Release|Any CPU = Release|Any CPU
	EndGlobalSection
	GlobalSection(ProjectConfigurationPlatforms) = postSolution
		{456BC111-EA4C-4EAE-BC96-A74054FC3668}.Debug|Any CPU.ActiveCfg = Debug|Any CPU
		{456BC111-EA4C-4EAE-BC96-A74054FC3668}.Debug|Any CPU.Build.0 = Debug|Any CPU
		{456BC111-EA4C-4EAE-BC96-A74054FC3668}.Release|Any CPU.ActiveCfg = Release|Any CPU
		{456BC111-EA4C-4EAE-BC96-A74054FC3668}.Release|Any CPU.Build.0 = Release|Any CPU
	EndGlobalSection
	GlobalSection(SolutionProperties) = preSolution
		HideSolutionNode = FALSE
	EndGlobalSection
	GlobalSection(ExtensibilityGlobals) = postSolution
		SolutionGuid = {28B5FF9B-47C5-4A23-B2E4-DD62FA8B77D8}
	EndGlobalSection
EndGlobal
